{
    "name": "@master/style-element.react",
    "lockfileVersion": 2,
    "requires": true,
    "packages": {
        "": {
            "name": "@master/style-element.react",
            "license": "MIT",
            "funding": {
                "url": "https://docs.master.co/css/donate"
            },
            "peerDependencies": {
                "@master/literal": ">=1",
                "@types/react": ">=15"
            }
        },
        "node_modules/@master/literal": {
            "version": "1.0.1",
            "resolved": "https://registry.npmjs.org/@master/literal/-/literal-1.0.1.tgz",
            "integrity": "sha512-g/KNrQvkw3w4VaYonLFdfdN0KlAUJGdwgdfCAQIRM4eML4p2BuCevF7eTPC7VGZGdTW4lp9YgXhWyynAG6DLxw==",
            "peer": true,
            "funding": {
                "url": "https://opencollective.com/master-co"
            }
        },
        "node_modules/@types/prop-types": {
            "version": "15.7.5",
            "resolved": "https://registry.npmjs.org/@types/prop-types/-/prop-types-15.7.5.tgz",
            "integrity": "sha512-JCB8C6SnDoQf0cNycqd/35A7MjcnK+ZTqE7judS6o7utxUCg6imJg3QK2qzHKszlTjcj2cn+NwMB2i96ubpj7w==",
            "peer": true
        },
        "node_modules/@types/react": {
            "version": "18.0.15",
            "resolved": "https://registry.npmjs.org/@types/react/-/react-18.0.15.tgz",
            "integrity": "sha512-iz3BtLuIYH1uWdsv6wXYdhozhqj20oD4/Hk2DNXIn1kFsmp9x8d9QB6FnPhfkbhd2PgEONt9Q1x/ebkwjfFLow==",
            "peer": true,
            "dependencies": {
                "@types/prop-types": "*",
                "@types/scheduler": "*",
                "csstype": "^3.0.2"
            }
        },
        "node_modules/@types/scheduler": {
            "version": "0.16.2",
            "resolved": "https://registry.npmjs.org/@types/scheduler/-/scheduler-0.16.2.tgz",
            "integrity": "sha512-hppQEBDmlwhFAXKJX2KnWLYu5yMfi91yazPb2l+lbJiwW+wdo1gNeRA+3RgNSO39WYX2euey41KEwnqesU2Jew==",
            "peer": true
        },
        "node_modules/csstype": {
            "version": "3.1.0",
            "resolved": "https://registry.npmjs.org/csstype/-/csstype-3.1.0.tgz",
            "integrity": "sha512-uX1KG+x9h5hIJsaKR9xHUeUraxf8IODOwq9JLNPq6BwB04a/xgpq3rcx47l5BZu5zBPlgD342tdke3Hom/nJRA==",
            "peer": true
        }
    },
    "dependencies": {
        "@master/literal": {
            "version": "1.0.1",
            "resolved": "https://registry.npmjs.org/@master/literal/-/literal-1.0.1.tgz",
            "integrity": "sha512-g/KNrQvkw3w4VaYonLFdfdN0KlAUJGdwgdfCAQIRM4eML4p2BuCevF7eTPC7VGZGdTW4lp9YgXhWyynAG6DLxw==",
            "peer": true
        },
        "@types/prop-types": {
            "version": "15.7.5",
            "resolved": "https://registry.npmjs.org/@types/prop-types/-/prop-types-15.7.5.tgz",
            "integrity": "sha512-JCB8C6SnDoQf0cNycqd/35A7MjcnK+ZTqE7judS6o7utxUCg6imJg3QK2qzHKszlTjcj2cn+NwMB2i96ubpj7w==",
            "peer": true
        },
        "@types/react": {
            "version": "18.0.15",
            "resolved": "https://registry.npmjs.org/@types/react/-/react-18.0.15.tgz",
            "integrity": "sha512-iz3BtLuIYH1uWdsv6wXYdhozhqj20oD4/Hk2DNXIn1kFsmp9x8d9QB6FnPhfkbhd2PgEONt9Q1x/ebkwjfFLow==",
            "peer": true,
            "requires": {
                "@types/prop-types": "*",
                "@types/scheduler": "*",
                "csstype": "^3.0.2"
            }
        },
        "@types/scheduler": {
            "version": "0.16.2",
            "resolved": "https://registry.npmjs.org/@types/scheduler/-/scheduler-0.16.2.tgz",
            "integrity": "sha512-hppQEBDmlwhFAXKJX2KnWLYu5yMfi91yazPb2l+lbJiwW+wdo1gNeRA+3RgNSO39WYX2euey41KEwnqesU2Jew==",
            "peer": true
        },
        "csstype": {
            "version": "3.1.0",
            "resolved": "https://registry.npmjs.org/csstype/-/csstype-3.1.0.tgz",
            "integrity": "sha512-uX1KG+x9h5hIJsaKR9xHUeUraxf8IODOwq9JLNPq6BwB04a/xgpq3rcx47l5BZu5zBPlgD342tdke3Hom/nJRA==",
            "peer": true
        }
    }
}
